
Microsoft Visual Studio Solution File, Format Version 12.00
# Visual Studio Version 16
VisualStudioVersion = 16.0.30204.135
MinimumVisualStudioVersion = 10.0.40219.1
Project("{FAE04EC0-301F-11D3-BF4B-00C04F79EFBC}") = "parser_edrpoy_info", "parser_edrpoy_info.csproj", "{AB5EDCE8-58AA-4F75-85A5-99A55BBB495B}"
EndProject
Global
	GlobalSection(SolutionConfigurationPlatforms) = preSolution
		Debug|Any CPU = Debug|Any CPU
		Release|Any CPU = Release|Any CPU
	EndGlobalSection
	GlobalSection(ProjectConfigurationPlatforms) = postSolution
		{AB5EDCE8-58AA-4F75-85A5-99A55BBB495B}.Debug|Any CPU.ActiveCfg = Debug|Any CPU
		{AB5EDCE8-58AA-4F75-85A5-99A55BBB495B}.Debug|Any CPU.Build.0 = Debug|Any CPU
		{AB5EDCE8-58AA-4F75-85A5-99A55BBB495B}.Release|Any CPU.ActiveCfg = Release|Any CPU
		{AB5EDCE8-58AA-4F75-85A5-99A55BBB495B}.Release|Any CPU.Build.0 = Release|Any CPU
	EndGlobalSection
	GlobalSection(SolutionProperties) = preSolution
		HideSolutionNode = FALSE
	EndGlobalSection
	GlobalSection(ExtensibilityGlobals) = postSolution
		SolutionGuid = {92CBC1AF-83DF-48CD-A5CB-2F59DD10FAEC}
	EndGlobalSection
EndGlobal
